<?xml version="1.0" encoding="UTF-8"?>
<Project ToolsVersion="14.0" xmlns="http://schemas.microsoft.com/developer/msbuild/2003">
  <ItemGroup>
    <CustomBuild Include="C:\Users\Yanai\Desktop\GetSpeed2\vs2015\CMakeFiles\1159dcd7776c7271e17c8520bbfcabad\generate.stamp.rule">
      <Filter>CMake Rules</Filter>
    </CustomBuild>
  </ItemGroup>
  <ItemGroup>
    <Filter Include="CMake Rules">
      <UniqueIdentifier>{E26CDA6C-9BAD-3811-A926-63DF8D2E080D}</UniqueIdentifier>
    </Filter>
  </ItemGroup>
</Project>
