// !$*UTF8*$!
{
	archiveVersion = 1;
	classes = {
	};
	objectVersion = 46;
	objects = {

/* Begin PBXAggregateTarget section */
		3A309F0CABC548D390D3DACA /* ALL_BUILD */ = {
			isa = PBXAggregateTarget;
			buildConfigurationList = 84F02C97F64D4E698BD5BDEE /* Build configuration list for PBXAggregateTarget "ALL_BUILD" */;
			buildPhases = (
				5949AEF80FFC4A3B88824041 /* CMake Rules */,
			);
			dependencies = (
				7DFAE416E42E4075A67B0371 /* PBXTargetDependency */,
				8B86D6B4183045C4858BC90E /* PBXTargetDependency */,
			);
			name = ALL_BUILD;
			productName = ALL_BUILD;
		};
		8EFB151888D74240ABB7298C /* ZERO_CHECK */ = {
			isa = PBXAggregateTarget;
			buildConfigurationList = A15FE677513048D499390F9E /* Build configuration list for PBXAggregateTarget "ZERO_CHECK" */;
			buildPhases = (
				81DAEDCAF9174463BED6259B /* CMake Rules */,
			);
			dependencies = (
			);
			name = ZERO_CHECK;
			productName = ZERO_CHECK;
		};
/* End PBXAggregateTarget section */

/* Begin PBXBuildFile section */
		0918C6DD7FB34E6CA3794FD3 /* /Users/yanai/Desktop/GetSpeed2/src/header/debugIO.hpp */ = {isa = PBXBuildFile; fileRef = 88F8EA46FA294143AA12A19B /* /Users/yanai/Desktop/GetSpeed2/src/header/debugIO.hpp */; settings = {COMPILER_FLAGS = ""; }; };
		2A341ED71E614E4FAE8B6EBA /* /Users/yanai/Desktop/GetSpeed2/src/main.cpp */ = {isa = PBXBuildFile; fileRef = 0377350AE7BF4A009E946FD2 /* /Users/yanai/Desktop/GetSpeed2/src/main.cpp */; settings = {COMPILER_FLAGS = ""; }; };
		9F3059A0040948EF95EADFC8 /* /Users/yanai/Desktop/GetSpeed2/src/CMakeLists.txt */ = {isa = PBXBuildFile; fileRef = 9DE9F908867F4D3C8F39300B /* /Users/yanai/Desktop/GetSpeed2/src/CMakeLists.txt */; settings = {COMPILER_FLAGS = ""; }; };
/* End PBXBuildFile section */

/* Begin PBXBuildStyle section */
		05ECFF067F9347A8A6A423C7 /* MinSizeRel */ = {
			isa = PBXBuildStyle;
			buildSettings = {
				COPY_PHASE_STRIP = NO;
			};
			name = MinSizeRel;
		};
		24F84B7B60194629809299D8 = {
			isa = PBXBuildStyle;
		};
		383271DEA224406A88A74BBF /* Release */ = {
			isa = PBXBuildStyle;
			buildSettings = {
				COPY_PHASE_STRIP = NO;
			};
			name = Release;
		};
		5EF1AED9590440EEA5C556F6 /* RelWithDebInfo */ = {
			isa = PBXBuildStyle;
			buildSettings = {
				COPY_PHASE_STRIP = NO;
			};
			name = RelWithDebInfo;
		};
		81B0E9249FE947D5B2BB72BB /* Debug */ = {
			isa = PBXBuildStyle;
			buildSettings = {
				COPY_PHASE_STRIP = NO;
			};
			name = Debug;
		};
/* End PBXBuildStyle section */

/* Begin PBXContainerItemProxy section */
		73A0506E0163478C83BA807E /* PBXContainerItemProxy */ = {
			isa = PBXContainerItemProxy;
			containerPortal = C69D9C36A4CF4920A55B3E29 /* Project object */;
			proxyType = 1;
			remoteGlobalIDString = D85C7B491AE0401B98ED94BF;
			remoteInfo = getspeed2;
		};
		A2DC4E93E062496DBF02064B /* PBXContainerItemProxy */ = {
			isa = PBXContainerItemProxy;
			containerPortal = C69D9C36A4CF4920A55B3E29 /* Project object */;
			proxyType = 1;
			remoteGlobalIDString = 8EFB151888D74240ABB7298C;
			remoteInfo = ZERO_CHECK;
		};
		FE81489550BB4E09A7363FB8 /* PBXContainerItemProxy */ = {
			isa = PBXContainerItemProxy;
			containerPortal = C69D9C36A4CF4920A55B3E29 /* Project object */;
			proxyType = 1;
			remoteGlobalIDString = 8EFB151888D74240ABB7298C;
			remoteInfo = ZERO_CHECK;
		};
/* End PBXContainerItemProxy section */

/* Begin PBXFileReference section */
		0377350AE7BF4A009E946FD2 /* /Users/yanai/Desktop/GetSpeed2/src/main.cpp */ = {isa = PBXFileReference; explicitFileType = sourcecode.cpp.cpp; fileEncoding = 4; name = main.cpp; path = src/main.cpp; sourceTree = SOURCE_ROOT; };
		1C70104DF7374820B2590DF4 /* /Users/yanai/Desktop/GetSpeed2/CMakeLists.txt */ = {isa = PBXFileReference; explicitFileType = sourcecode.text; fileEncoding = 4; name = CMakeLists.txt; path = CMakeLists.txt; sourceTree = SOURCE_ROOT; };
		6A71E5C3B57A469496DFBF9B /* /Users/yanai/Desktop/GetSpeed2/CMakeLists.txt */ = {isa = PBXFileReference; explicitFileType = sourcecode.text; fileEncoding = 4; name = CMakeLists.txt; path = CMakeLists.txt; sourceTree = SOURCE_ROOT; };
		88F8EA46FA294143AA12A19B /* /Users/yanai/Desktop/GetSpeed2/src/header/debugIO.hpp */ = {isa = PBXFileReference; explicitFileType = sourcecode.cpp.h; fileEncoding = 4; name = debugIO.hpp; path = src/header/debugIO.hpp; sourceTree = SOURCE_ROOT; };
		9DE9F908867F4D3C8F39300B /* /Users/yanai/Desktop/GetSpeed2/src/CMakeLists.txt */ = {isa = PBXFileReference; explicitFileType = sourcecode.text; fileEncoding = 4; name = CMakeLists.txt; path = src/CMakeLists.txt; sourceTree = SOURCE_ROOT; };
		F80CC59CF5EE4B2881FDFA72 /* getspeed2 */ = {isa = PBXFileReference; explicitFileType = "compiled.mach-o.executable"; path = getspeed2; refType = 0; sourceTree = BUILT_PRODUCTS_DIR; };
/* End PBXFileReference section */

/* Begin PBXGroup section */
		3342C043FF104C39B6D82D41 /* Sources */ = {
			isa = PBXGroup;
			children = (
				BFD61EDC58E74247AC42B02A /* ALL_BUILD */,
				F1F1B75AC9CF4155BC76D789 /* ZERO_CHECK */,
				F414AD8EB19D4A778FDCFBE1 /* getspeed2 */,
			);
			name = Sources;
			sourceTree = "<group>";
		};
		4EF6E3D547DB4EE18141E6D5 /* Source Files */ = {
			isa = PBXGroup;
			children = (
				0377350AE7BF4A009E946FD2 /* /Users/yanai/Desktop/GetSpeed2/src/main.cpp */,
			);
			name = "Source Files";
			sourceTree = "<group>";
		};
		4F77D09DE5874D73BED57861 /* Products */ = {
			isa = PBXGroup;
			children = (
				F80CC59CF5EE4B2881FDFA72 /* getspeed2 */,
			);
			name = Products;
			sourceTree = "<group>";
		};
		5BD3F792CEB94ED5B73D701E = {
			isa = PBXGroup;
			children = (
				3342C043FF104C39B6D82D41 /* Sources */,
				77549EC5CAEC43F587C45AE9 /* Resources */,
				4F77D09DE5874D73BED57861 /* Products */,
			);
			sourceTree = "<group>";
		};
		77549EC5CAEC43F587C45AE9 /* Resources */ = {
			isa = PBXGroup;
			children = (
			);
			name = Resources;
			sourceTree = "<group>";
		};
		A4816A4664224F1AB97CFD1C /* CMake Rules */ = {
			isa = PBXGroup;
			children = (
			);
			name = "CMake Rules";
			sourceTree = "<group>";
		};
		BFD61EDC58E74247AC42B02A /* ALL_BUILD */ = {
			isa = PBXGroup;
			children = (
				A4816A4664224F1AB97CFD1C /* CMake Rules */,
				6A71E5C3B57A469496DFBF9B /* /Users/yanai/Desktop/GetSpeed2/CMakeLists.txt */,
			);
			name = ALL_BUILD;
			sourceTree = "<group>";
		};
		CFB65A2D88B04EDCB8C2805A /* CMake Rules */ = {
			isa = PBXGroup;
			children = (
			);
			name = "CMake Rules";
			sourceTree = "<group>";
		};
		F1009499F38E4795846F695A /* Header Files */ = {
			isa = PBXGroup;
			children = (
				88F8EA46FA294143AA12A19B /* /Users/yanai/Desktop/GetSpeed2/src/header/debugIO.hpp */,
			);
			name = "Header Files";
			sourceTree = "<group>";
		};
		F1F1B75AC9CF4155BC76D789 /* ZERO_CHECK */ = {
			isa = PBXGroup;
			children = (
				CFB65A2D88B04EDCB8C2805A /* CMake Rules */,
				1C70104DF7374820B2590DF4 /* /Users/yanai/Desktop/GetSpeed2/CMakeLists.txt */,
			);
			name = ZERO_CHECK;
			sourceTree = "<group>";
		};
		F414AD8EB19D4A778FDCFBE1 /* getspeed2 */ = {
			isa = PBXGroup;
			children = (
				4EF6E3D547DB4EE18141E6D5 /* Source Files */,
				F1009499F38E4795846F695A /* Header Files */,
				9DE9F908867F4D3C8F39300B /* /Users/yanai/Desktop/GetSpeed2/src/CMakeLists.txt */,
			);
			name = getspeed2;
			sourceTree = "<group>";
		};
/* End PBXGroup section */

/* Begin PBXNativeTarget section */
		D85C7B491AE0401B98ED94BF /* getspeed2 */ = {
			isa = PBXNativeTarget;
			buildConfigurationList = C9C4941CF6904000931769B6 /* Build configuration list for PBXNativeTarget "getspeed2" */;
			buildPhases = (
				D0064B91CACF4EE69E956DCD /* Sources */,
			);
			buildRules = (
			);
			dependencies = (
				DA70CE1AA9224429A64B2820 /* PBXTargetDependency */,
			);
			name = getspeed2;
			productName = getspeed2;
			productReference = F80CC59CF5EE4B2881FDFA72 /* getspeed2 */;
			productType = "com.apple.product-type.tool";
		};
/* End PBXNativeTarget section */

/* Begin PBXProject section */
		C69D9C36A4CF4920A55B3E29 /* Project object */ = {
			isa = PBXProject;
			attributes = {
				BuildIndependentTargetsInParallel = YES;
			};
			buildConfigurationList = 456DC198551E4FCA9FF5698A /* Build configuration list for PBXProject "getspeed2" */;
			buildSettings = {
			};
			buildStyles = (
				81B0E9249FE947D5B2BB72BB /* Debug */,
				383271DEA224406A88A74BBF /* Release */,
				05ECFF067F9347A8A6A423C7 /* MinSizeRel */,
				5EF1AED9590440EEA5C556F6 /* RelWithDebInfo */,
			);
			compatibilityVersion = "Xcode 3.2";
			hasScannedForEncodings = 0;
			mainGroup = 5BD3F792CEB94ED5B73D701E;
			projectDirPath = ../;
			projectRoot = "";
			targets = (
				3A309F0CABC548D390D3DACA /* ALL_BUILD */,
				8EFB151888D74240ABB7298C /* ZERO_CHECK */,
				D85C7B491AE0401B98ED94BF /* getspeed2 */,
			);
		};
/* End PBXProject section */

/* Begin PBXShellScriptBuildPhase section */
		5949AEF80FFC4A3B88824041 /* CMake Rules */ = {
			isa = PBXShellScriptBuildPhase;
			buildActionMask = 2147483647;
			files = (
			);
			name = "CMake Rules";
			runOnlyForDeploymentPostprocessing = 0;
			shellPath = /bin/sh;
			shellScript = "make -C /Users/yanai/Desktop/GetSpeed2/xcode -f /Users/yanai/Desktop/GetSpeed2/xcode/CMakeScripts/ALL_BUILD_cmakeRulesBuildPhase.make$CONFIGURATION all";
			showEnvVarsInLog = 0;
		};
		81DAEDCAF9174463BED6259B /* CMake Rules */ = {
			isa = PBXShellScriptBuildPhase;
			buildActionMask = 2147483647;
			files = (
			);
			name = "CMake Rules";
			runOnlyForDeploymentPostprocessing = 0;
			shellPath = /bin/sh;
			shellScript = "make -C /Users/yanai/Desktop/GetSpeed2/xcode -f /Users/yanai/Desktop/GetSpeed2/xcode/CMakeScripts/ZERO_CHECK_cmakeRulesBuildPhase.make$CONFIGURATION all";
			showEnvVarsInLog = 0;
		};
		87CF86A4A03647769175CD37 = {
			isa = PBXShellScriptBuildPhase;
			buildActionMask = 2147483647;
			files = (
			);
			inputPaths = (
			);
			outputPaths = (
			);
			runOnlyForDeploymentPostprocessing = 0;
			shellPath = /bin/sh;
			shellScript = "# shell script goes here
exit 0";
			showEnvVarsInLog = 0;
		};
		E855902DF2C140B7A16DBD79 = {
			isa = PBXShellScriptBuildPhase;
			buildActionMask = 2147483647;
			files = (
			);
			inputPaths = (
			);
			outputPaths = (
			);
			runOnlyForDeploymentPostprocessing = 0;
			shellPath = /bin/sh;
			shellScript = "# shell script goes here
exit 0";
			showEnvVarsInLog = 0;
		};
/* End PBXShellScriptBuildPhase section */

/* Begin PBXSourcesBuildPhase section */
		D0064B91CACF4EE69E956DCD /* Sources */ = {
			isa = PBXSourcesBuildPhase;
			buildActionMask = 2147483647;
			files = (
				2A341ED71E614E4FAE8B6EBA /* /Users/yanai/Desktop/GetSpeed2/src/main.cpp */,
			);
			runOnlyForDeploymentPostprocessing = 0;
		};
/* End PBXSourcesBuildPhase section */

/* Begin PBXTargetDependency section */
		7DFAE416E42E4075A67B0371 /* PBXTargetDependency */ = {
			isa = PBXTargetDependency;
			target = 8EFB151888D74240ABB7298C /* ZERO_CHECK */;
			targetProxy = FE81489550BB4E09A7363FB8 /* PBXContainerItemProxy */;
		};
		8B86D6B4183045C4858BC90E /* PBXTargetDependency */ = {
			isa = PBXTargetDependency;
			target = D85C7B491AE0401B98ED94BF /* getspeed2 */;
			targetProxy = 73A0506E0163478C83BA807E /* PBXContainerItemProxy */;
		};
		DA70CE1AA9224429A64B2820 /* PBXTargetDependency */ = {
			isa = PBXTargetDependency;
			target = 8EFB151888D74240ABB7298C /* ZERO_CHECK */;
			targetProxy = A2DC4E93E062496DBF02064B /* PBXContainerItemProxy */;
		};
/* End PBXTargetDependency section */

/* Begin XCBuildConfiguration section */
		0641CA33E80F40FBB4A56086 /* MinSizeRel */ = {
			isa = XCBuildConfiguration;
			buildSettings = {
				COMBINE_HIDPI_IMAGES = YES;
				GCC_GENERATE_DEBUGGING_SYMBOLS = YES;
				GCC_INLINES_ARE_PRIVATE_EXTERN = NO;
				GCC_OPTIMIZATION_LEVEL = 0;
				GCC_PREPROCESSOR_DEFINITIONS = ("'CMAKE_INTDIR=\"$(CONFIGURATION)$(EFFECTIVE_PLATFORM_NAME)\"'", );
				GCC_SYMBOLS_PRIVATE_EXTERN = NO;
				INSTALL_PATH = "";
				OTHER_LDFLAGS = " ";
				OTHER_REZFLAGS = "";
				PRODUCT_NAME = ALL_BUILD;
				SECTORDER_FLAGS = "";
				SYMROOT = /Users/yanai/Desktop/GetSpeed2/xcode;
				USE_HEADERMAP = NO;
				WARNING_CFLAGS = ("-Wmost", "-Wno-four-char-constants", "-Wno-unknown-pragmas", "$(inherited)", );
			};
			name = MinSizeRel;
		};
		0C1F8BDFD6D64B83B65298C5 /* RelWithDebInfo */ = {
			isa = XCBuildConfiguration;
			buildSettings = {
				MACOSX_DEPLOYMENT_TARGET = 10.10;
				ONLY_ACTIVE_ARCH = YES;
				SDKROOT = /Applications/Xcode.app/Contents/Developer/Platforms/MacOSX.platform/Developer/SDKs/MacOSX10.11.sdk;
				SYMROOT = /Users/yanai/Desktop/GetSpeed2/xcode/build;
			};
			name = RelWithDebInfo;
		};
		364972135483411EB2A3D33D /* Debug */ = {
			isa = XCBuildConfiguration;
			buildSettings = {
				COMBINE_HIDPI_IMAGES = YES;
				GCC_GENERATE_DEBUGGING_SYMBOLS = YES;
				GCC_INLINES_ARE_PRIVATE_EXTERN = NO;
				GCC_OPTIMIZATION_LEVEL = 0;
				GCC_PREPROCESSOR_DEFINITIONS = ("'CMAKE_INTDIR=\"$(CONFIGURATION)$(EFFECTIVE_PLATFORM_NAME)\"'", );
				GCC_SYMBOLS_PRIVATE_EXTERN = NO;
				INSTALL_PATH = "";
				OTHER_LDFLAGS = " ";
				OTHER_REZFLAGS = "";
				PRODUCT_NAME = ALL_BUILD;
				SECTORDER_FLAGS = "";
				SYMROOT = /Users/yanai/Desktop/GetSpeed2/xcode;
				USE_HEADERMAP = NO;
				WARNING_CFLAGS = ("-Wmost", "-Wno-four-char-constants", "-Wno-unknown-pragmas", "$(inherited)", );
			};
			name = Debug;
		};
		3B6449959D964E44B0729153 /* MinSizeRel */ = {
			isa = XCBuildConfiguration;
			buildSettings = {
				MACOSX_DEPLOYMENT_TARGET = 10.10;
				ONLY_ACTIVE_ARCH = YES;
				SDKROOT = /Applications/Xcode.app/Contents/Developer/Platforms/MacOSX.platform/Developer/SDKs/MacOSX10.11.sdk;
				SYMROOT = /Users/yanai/Desktop/GetSpeed2/xcode/build;
			};
			name = MinSizeRel;
		};
		3F2835F40F5945FC994F546F /* Debug */ = {
			isa = XCBuildConfiguration;
			buildSettings = {
				COMBINE_HIDPI_IMAGES = YES;
				GCC_GENERATE_DEBUGGING_SYMBOLS = YES;
				GCC_INLINES_ARE_PRIVATE_EXTERN = NO;
				GCC_OPTIMIZATION_LEVEL = 0;
				GCC_PREPROCESSOR_DEFINITIONS = ("'CMAKE_INTDIR=\"$(CONFIGURATION)$(EFFECTIVE_PLATFORM_NAME)\"'", );
				GCC_SYMBOLS_PRIVATE_EXTERN = NO;
				INSTALL_PATH = "";
				OTHER_LDFLAGS = " ";
				OTHER_REZFLAGS = "";
				PRODUCT_NAME = ZERO_CHECK;
				SECTORDER_FLAGS = "";
				SYMROOT = /Users/yanai/Desktop/GetSpeed2/xcode;
				USE_HEADERMAP = NO;
				WARNING_CFLAGS = ("-Wmost", "-Wno-four-char-constants", "-Wno-unknown-pragmas", "$(inherited)", );
			};
			name = Debug;
		};
		55A70A903F64470DB41D9182 /* RelWithDebInfo */ = {
			isa = XCBuildConfiguration;
			buildSettings = {
				COMBINE_HIDPI_IMAGES = YES;
				GCC_GENERATE_DEBUGGING_SYMBOLS = YES;
				GCC_INLINES_ARE_PRIVATE_EXTERN = NO;
				GCC_OPTIMIZATION_LEVEL = 0;
				GCC_PREPROCESSOR_DEFINITIONS = ("'CMAKE_INTDIR=\"$(CONFIGURATION)$(EFFECTIVE_PLATFORM_NAME)\"'", );
				GCC_SYMBOLS_PRIVATE_EXTERN = NO;
				INSTALL_PATH = "";
				OTHER_LDFLAGS = " ";
				OTHER_REZFLAGS = "";
				PRODUCT_NAME = ALL_BUILD;
				SECTORDER_FLAGS = "";
				SYMROOT = /Users/yanai/Desktop/GetSpeed2/xcode;
				USE_HEADERMAP = NO;
				WARNING_CFLAGS = ("-Wmost", "-Wno-four-char-constants", "-Wno-unknown-pragmas", "$(inherited)", );
			};
			name = RelWithDebInfo;
		};
		76DF2AA2095E40779F07339B /* Release */ = {
			isa = XCBuildConfiguration;
			buildSettings = {
				COMBINE_HIDPI_IMAGES = YES;
				GCC_GENERATE_DEBUGGING_SYMBOLS = YES;
				GCC_INLINES_ARE_PRIVATE_EXTERN = NO;
				GCC_OPTIMIZATION_LEVEL = 0;
				GCC_PREPROCESSOR_DEFINITIONS = ("'CMAKE_INTDIR=\"$(CONFIGURATION)$(EFFECTIVE_PLATFORM_NAME)\"'", );
				GCC_SYMBOLS_PRIVATE_EXTERN = NO;
				INSTALL_PATH = "";
				OTHER_LDFLAGS = " ";
				OTHER_REZFLAGS = "";
				PRODUCT_NAME = ZERO_CHECK;
				SECTORDER_FLAGS = "";
				SYMROOT = /Users/yanai/Desktop/GetSpeed2/xcode;
				USE_HEADERMAP = NO;
				WARNING_CFLAGS = ("-Wmost", "-Wno-four-char-constants", "-Wno-unknown-pragmas", "$(inherited)", );
			};
			name = Release;
		};
		7A88797D085843738DDEBF02 /* RelWithDebInfo */ = {
			isa = XCBuildConfiguration;
			buildSettings = {
				COMBINE_HIDPI_IMAGES = YES;
				EXECUTABLE_PREFIX = "";
				EXECUTABLE_SUFFIX = "";
				GCC_GENERATE_DEBUGGING_SYMBOLS = YES;
				GCC_INLINES_ARE_PRIVATE_EXTERN = NO;
				GCC_OPTIMIZATION_LEVEL = 2;
				GCC_PREPROCESSOR_DEFINITIONS = ("'CMAKE_INTDIR=\"$(CONFIGURATION)$(EFFECTIVE_PLATFORM_NAME)\"'", );
				GCC_SYMBOLS_PRIVATE_EXTERN = NO;
				HEADER_SEARCH_PATHS = (/Users/yanai/Desktop/GetSpeed2/include, );
				INSTALL_PATH = "";
				LIBRARY_SEARCH_PATHS = "";
				OTHER_CPLUSPLUSFLAGS = "       -DNDEBUG  ";
				OTHER_LDFLAGS = " -Wl,-search_paths_first -Wl,-headerpad_max_install_names  /Users/yanai/Desktop/GetSpeed2/lib/OSX/libglfw3.a -framework Cocoa -framework OpenGL -framework IOKit -framework CoreVideo";
				OTHER_REZFLAGS = "";
				PRODUCT_NAME = getspeed2;
				SECTORDER_FLAGS = "";
				SYMROOT = /Users/yanai/Desktop/GetSpeed2/xcode/src;
				USE_HEADERMAP = NO;
				WARNING_CFLAGS = ("-Wmost", "-Wno-four-char-constants", "-Wno-unknown-pragmas", "$(inherited)", );
			};
			name = RelWithDebInfo;
		};
		7B4ED6D95CE045C0A305F219 /* Debug */ = {
			isa = XCBuildConfiguration;
			buildSettings = {
				COMBINE_HIDPI_IMAGES = YES;
				EXECUTABLE_PREFIX = "";
				EXECUTABLE_SUFFIX = "";
				GCC_GENERATE_DEBUGGING_SYMBOLS = YES;
				GCC_INLINES_ARE_PRIVATE_EXTERN = NO;
				GCC_OPTIMIZATION_LEVEL = 0;
				GCC_PREPROCESSOR_DEFINITIONS = ("'CMAKE_INTDIR=\"$(CONFIGURATION)$(EFFECTIVE_PLATFORM_NAME)\"'", );
				GCC_SYMBOLS_PRIVATE_EXTERN = NO;
				HEADER_SEARCH_PATHS = (/Users/yanai/Desktop/GetSpeed2/include, );
				INSTALL_PATH = "";
				LIBRARY_SEARCH_PATHS = "";
				OTHER_CPLUSPLUSFLAGS = "    ";
				OTHER_LDFLAGS = " -Wl,-search_paths_first -Wl,-headerpad_max_install_names  /Users/yanai/Desktop/GetSpeed2/lib/OSX/libglfw3.a -framework Cocoa -framework OpenGL -framework IOKit -framework CoreVideo";
				OTHER_REZFLAGS = "";
				PRODUCT_NAME = getspeed2;
				SECTORDER_FLAGS = "";
				SYMROOT = /Users/yanai/Desktop/GetSpeed2/xcode/src;
				USE_HEADERMAP = NO;
				WARNING_CFLAGS = ("-Wmost", "-Wno-four-char-constants", "-Wno-unknown-pragmas", "$(inherited)", );
			};
			name = Debug;
		};
		A3173EA2501A4F76B34563CC /* Release */ = {
			isa = XCBuildConfiguration;
			buildSettings = {
				COMBINE_HIDPI_IMAGES = YES;
				EXECUTABLE_PREFIX = "";
				EXECUTABLE_SUFFIX = "";
				GCC_GENERATE_DEBUGGING_SYMBOLS = NO;
				GCC_INLINES_ARE_PRIVATE_EXTERN = NO;
				GCC_OPTIMIZATION_LEVEL = 3;
				GCC_PREPROCESSOR_DEFINITIONS = ("'CMAKE_INTDIR=\"$(CONFIGURATION)$(EFFECTIVE_PLATFORM_NAME)\"'", );
				GCC_SYMBOLS_PRIVATE_EXTERN = NO;
				HEADER_SEARCH_PATHS = (/Users/yanai/Desktop/GetSpeed2/include, );
				INSTALL_PATH = "";
				LIBRARY_SEARCH_PATHS = "";
				OTHER_CPLUSPLUSFLAGS = "    -DNDEBUG  ";
				OTHER_LDFLAGS = " -Wl,-search_paths_first -Wl,-headerpad_max_install_names  /Users/yanai/Desktop/GetSpeed2/lib/OSX/libglfw3.a -framework Cocoa -framework OpenGL -framework IOKit -framework CoreVideo";
				OTHER_REZFLAGS = "";
				PRODUCT_NAME = getspeed2;
				SECTORDER_FLAGS = "";
				SYMROOT = /Users/yanai/Desktop/GetSpeed2/xcode/src;
				USE_HEADERMAP = NO;
				WARNING_CFLAGS = ("-Wmost", "-Wno-four-char-constants", "-Wno-unknown-pragmas", "$(inherited)", );
			};
			name = Release;
		};
		AC28550C421E444C99559B47 /* MinSizeRel */ = {
			isa = XCBuildConfiguration;
			buildSettings = {
				COMBINE_HIDPI_IMAGES = YES;
				GCC_GENERATE_DEBUGGING_SYMBOLS = YES;
				GCC_INLINES_ARE_PRIVATE_EXTERN = NO;
				GCC_OPTIMIZATION_LEVEL = 0;
				GCC_PREPROCESSOR_DEFINITIONS = ("'CMAKE_INTDIR=\"$(CONFIGURATION)$(EFFECTIVE_PLATFORM_NAME)\"'", );
				GCC_SYMBOLS_PRIVATE_EXTERN = NO;
				INSTALL_PATH = "";
				OTHER_LDFLAGS = " ";
				OTHER_REZFLAGS = "";
				PRODUCT_NAME = ZERO_CHECK;
				SECTORDER_FLAGS = "";
				SYMROOT = /Users/yanai/Desktop/GetSpeed2/xcode;
				USE_HEADERMAP = NO;
				WARNING_CFLAGS = ("-Wmost", "-Wno-four-char-constants", "-Wno-unknown-pragmas", "$(inherited)", );
			};
			name = MinSizeRel;
		};
		B298C164752D4ECCADD66176 /* Release */ = {
			isa = XCBuildConfiguration;
			buildSettings = {
				MACOSX_DEPLOYMENT_TARGET = 10.10;
				ONLY_ACTIVE_ARCH = YES;
				SDKROOT = /Applications/Xcode.app/Contents/Developer/Platforms/MacOSX.platform/Developer/SDKs/MacOSX10.11.sdk;
				SYMROOT = /Users/yanai/Desktop/GetSpeed2/xcode/build;
			};
			name = Release;
		};
		D7287A21668D40EB95FD8E80 /* Release */ = {
			isa = XCBuildConfiguration;
			buildSettings = {
				COMBINE_HIDPI_IMAGES = YES;
				GCC_GENERATE_DEBUGGING_SYMBOLS = YES;
				GCC_INLINES_ARE_PRIVATE_EXTERN = NO;
				GCC_OPTIMIZATION_LEVEL = 0;
				GCC_PREPROCESSOR_DEFINITIONS = ("'CMAKE_INTDIR=\"$(CONFIGURATION)$(EFFECTIVE_PLATFORM_NAME)\"'", );
				GCC_SYMBOLS_PRIVATE_EXTERN = NO;
				INSTALL_PATH = "";
				OTHER_LDFLAGS = " ";
				OTHER_REZFLAGS = "";
				PRODUCT_NAME = ALL_BUILD;
				SECTORDER_FLAGS = "";
				SYMROOT = /Users/yanai/Desktop/GetSpeed2/xcode;
				USE_HEADERMAP = NO;
				WARNING_CFLAGS = ("-Wmost", "-Wno-four-char-constants", "-Wno-unknown-pragmas", "$(inherited)", );
			};
			name = Release;
		};
		E44E680A19BC4A81B3BC1AC0 /* Debug */ = {
			isa = XCBuildConfiguration;
			buildSettings = {
				MACOSX_DEPLOYMENT_TARGET = 10.10;
				ONLY_ACTIVE_ARCH = YES;
				SDKROOT = /Applications/Xcode.app/Contents/Developer/Platforms/MacOSX.platform/Developer/SDKs/MacOSX10.11.sdk;
				SYMROOT = /Users/yanai/Desktop/GetSpeed2/xcode/build;
			};
			name = Debug;
		};
		E8CB8B22240645269809B5A8 /* RelWithDebInfo */ = {
			isa = XCBuildConfiguration;
			buildSettings = {
				COMBINE_HIDPI_IMAGES = YES;
				GCC_GENERATE_DEBUGGING_SYMBOLS = YES;
				GCC_INLINES_ARE_PRIVATE_EXTERN = NO;
				GCC_OPTIMIZATION_LEVEL = 0;
				GCC_PREPROCESSOR_DEFINITIONS = ("'CMAKE_INTDIR=\"$(CONFIGURATION)$(EFFECTIVE_PLATFORM_NAME)\"'", );
				GCC_SYMBOLS_PRIVATE_EXTERN = NO;
				INSTALL_PATH = "";
				OTHER_LDFLAGS = " ";
				OTHER_REZFLAGS = "";
				PRODUCT_NAME = ZERO_CHECK;
				SECTORDER_FLAGS = "";
				SYMROOT = /Users/yanai/Desktop/GetSpeed2/xcode;
				USE_HEADERMAP = NO;
				WARNING_CFLAGS = ("-Wmost", "-Wno-four-char-constants", "-Wno-unknown-pragmas", "$(inherited)", );
			};
			name = RelWithDebInfo;
		};
		EC6EE66130FD4254BEF9F229 /* MinSizeRel */ = {
			isa = XCBuildConfiguration;
			buildSettings = {
				COMBINE_HIDPI_IMAGES = YES;
				EXECUTABLE_PREFIX = "";
				EXECUTABLE_SUFFIX = "";
				GCC_GENERATE_DEBUGGING_SYMBOLS = NO;
				GCC_INLINES_ARE_PRIVATE_EXTERN = NO;
				GCC_OPTIMIZATION_LEVEL = s;
				GCC_PREPROCESSOR_DEFINITIONS = ("'CMAKE_INTDIR=\"$(CONFIGURATION)$(EFFECTIVE_PLATFORM_NAME)\"'", );
				GCC_SYMBOLS_PRIVATE_EXTERN = NO;
				HEADER_SEARCH_PATHS = (/Users/yanai/Desktop/GetSpeed2/include, );
				INSTALL_PATH = "";
				LIBRARY_SEARCH_PATHS = "";
				OTHER_CPLUSPLUSFLAGS = "    -DNDEBUG  ";
				OTHER_LDFLAGS = " -Wl,-search_paths_first -Wl,-headerpad_max_install_names  /Users/yanai/Desktop/GetSpeed2/lib/OSX/libglfw3.a -framework Cocoa -framework OpenGL -framework IOKit -framework CoreVideo";
				OTHER_REZFLAGS = "";
				PRODUCT_NAME = getspeed2;
				SECTORDER_FLAGS = "";
				SYMROOT = /Users/yanai/Desktop/GetSpeed2/xcode/src;
				USE_HEADERMAP = NO;
				WARNING_CFLAGS = ("-Wmost", "-Wno-four-char-constants", "-Wno-unknown-pragmas", "$(inherited)", );
			};
			name = MinSizeRel;
		};
/* End XCBuildConfiguration section */

/* Begin XCConfigurationList section */
		456DC198551E4FCA9FF5698A /* Build configuration list for PBXProject "getspeed2" */ = {
			isa = XCConfigurationList;
			buildConfigurations = (
				E44E680A19BC4A81B3BC1AC0 /* Debug */,
				B298C164752D4ECCADD66176 /* Release */,
				3B6449959D964E44B0729153 /* MinSizeRel */,
				0C1F8BDFD6D64B83B65298C5 /* RelWithDebInfo */,
			);
			defaultConfigurationIsVisible = 0;
			defaultConfigurationName = Debug;
		};
		84F02C97F64D4E698BD5BDEE /* Build configuration list for PBXAggregateTarget "ALL_BUILD" */ = {
			isa = XCConfigurationList;
			buildConfigurations = (
				364972135483411EB2A3D33D /* Debug */,
				D7287A21668D40EB95FD8E80 /* Release */,
				0641CA33E80F40FBB4A56086 /* MinSizeRel */,
				55A70A903F64470DB41D9182 /* RelWithDebInfo */,
			);
			defaultConfigurationIsVisible = 0;
			defaultConfigurationName = Debug;
		};
		A15FE677513048D499390F9E /* Build configuration list for PBXAggregateTarget "ZERO_CHECK" */ = {
			isa = XCConfigurationList;
			buildConfigurations = (
				3F2835F40F5945FC994F546F /* Debug */,
				76DF2AA2095E40779F07339B /* Release */,
				AC28550C421E444C99559B47 /* MinSizeRel */,
				E8CB8B22240645269809B5A8 /* RelWithDebInfo */,
			);
			defaultConfigurationIsVisible = 0;
			defaultConfigurationName = Debug;
		};
		C9C4941CF6904000931769B6 /* Build configuration list for PBXNativeTarget "getspeed2" */ = {
			isa = XCConfigurationList;
			buildConfigurations = (
				7B4ED6D95CE045C0A305F219 /* Debug */,
				A3173EA2501A4F76B34563CC /* Release */,
				EC6EE66130FD4254BEF9F229 /* MinSizeRel */,
				7A88797D085843738DDEBF02 /* RelWithDebInfo */,
			);
			defaultConfigurationIsVisible = 0;
			defaultConfigurationName = Debug;
		};
/* End XCConfigurationList section */
	};
	rootObject = C69D9C36A4CF4920A55B3E29 /* Project object */;
}
