// !$*UTF8*$!
{
	archiveVersion = 1;
	classes = {
	};
	objectVersion = 46;
	objects = {

/* Begin PBXAggregateTarget section */
		2490358F148041AEBB41A3C2 /* ALL_BUILD */ = {
			isa = PBXAggregateTarget;
			buildConfigurationList = ADF9E5610BFB41489F97F748 /* Build configuration list for PBXAggregateTarget "ALL_BUILD" */;
			buildPhases = (
				51135D72CA24497BA6E609AD /* CMake Rules */,
			);
			dependencies = (
				5898A86EA9C3409A8D3FC8F1 /* PBXTargetDependency */,
				87DED4446DB2475E87576D18 /* PBXTargetDependency */,
			);
			name = ALL_BUILD;
			productName = ALL_BUILD;
		};
		B535C08D2CBC4124AC3D9B0C /* ZERO_CHECK */ = {
			isa = PBXAggregateTarget;
			buildConfigurationList = E6CD112749F448B5A93925C0 /* Build configuration list for PBXAggregateTarget "ZERO_CHECK" */;
			buildPhases = (
				859AF8793DCE450D84C7AC25 /* CMake Rules */,
			);
			dependencies = (
			);
			name = ZERO_CHECK;
			productName = ZERO_CHECK;
		};
/* End PBXAggregateTarget section */

/* Begin PBXBuildFile section */
		196138C7E3BF414BBEB8AA77 /* /Users/yanai/Desktop/GetSpeed2/src/header/mouse.hpp */ = {isa = PBXBuildFile; fileRef = D249F9F23DB74468A32A1E22 /* /Users/yanai/Desktop/GetSpeed2/src/header/mouse.hpp */; settings = {COMPILER_FLAGS = ""; }; };
		2F2143FA91B54BDFB0A3EF3B /* /Users/yanai/Desktop/GetSpeed2/src/main.cpp */ = {isa = PBXBuildFile; fileRef = 67E9FE271D5843908361EF97 /* /Users/yanai/Desktop/GetSpeed2/src/main.cpp */; settings = {COMPILER_FLAGS = ""; }; };
		44E4880116A2443093CC841C /* /Users/yanai/Desktop/GetSpeed2/src/header/color.hpp */ = {isa = PBXBuildFile; fileRef = BC09AF89A2B24B00B013389F /* /Users/yanai/Desktop/GetSpeed2/src/header/color.hpp */; settings = {COMPILER_FLAGS = ""; }; };
		53993D66D232401E9F440F1E /* /Users/yanai/Desktop/GetSpeed2/src/header/utility.hpp */ = {isa = PBXBuildFile; fileRef = 688B250110B94646803238CA /* /Users/yanai/Desktop/GetSpeed2/src/header/utility.hpp */; settings = {COMPILER_FLAGS = ""; }; };
		5B566224849B49B78A21547A /* /Users/yanai/Desktop/GetSpeed2/src/header/vector.hpp */ = {isa = PBXBuildFile; fileRef = 6F65B9F82C0B4EA9B417C881 /* /Users/yanai/Desktop/GetSpeed2/src/header/vector.hpp */; settings = {COMPILER_FLAGS = ""; }; };
		665D4D670A5A42BBBAE200B1 /* /Users/yanai/Desktop/GetSpeed2/src/header/key.hpp */ = {isa = PBXBuildFile; fileRef = EDFA06437749407181808A5B /* /Users/yanai/Desktop/GetSpeed2/src/header/key.hpp */; settings = {COMPILER_FLAGS = ""; }; };
		7FC0E0599A97448CACEE1D52 /* /Users/yanai/Desktop/GetSpeed2/src/appNative.cpp */ = {isa = PBXBuildFile; fileRef = 47087B750FDB41FE817E65FB /* /Users/yanai/Desktop/GetSpeed2/src/appNative.cpp */; settings = {COMPILER_FLAGS = ""; }; };
		AEB64A2DC1F64F18A391E70C /* /Users/yanai/Desktop/GetSpeed2/src/header/camera.hpp */ = {isa = PBXBuildFile; fileRef = 57624727A8574003A65484B6 /* /Users/yanai/Desktop/GetSpeed2/src/header/camera.hpp */; settings = {COMPILER_FLAGS = ""; }; };
		B8DB4BF600494F74B74D19B8 /* /Users/yanai/Desktop/GetSpeed2/src/header/tweakbar.hpp */ = {isa = PBXBuildFile; fileRef = A3802BDC9DC44CDDBCCA0595 /* /Users/yanai/Desktop/GetSpeed2/src/header/tweakbar.hpp */; settings = {COMPILER_FLAGS = ""; }; };
		CF4BB8915A214E3493D6AA95 /* /Users/yanai/Desktop/GetSpeed2/src/camera.cpp */ = {isa = PBXBuildFile; fileRef = 540BB5AA511945DCBE753894 /* /Users/yanai/Desktop/GetSpeed2/src/camera.cpp */; settings = {COMPILER_FLAGS = ""; }; };
		F456EE9A5F284FCDB497956C /* /Users/yanai/Desktop/GetSpeed2/src/header/debugIO.hpp */ = {isa = PBXBuildFile; fileRef = 5405EDC1885E4FDE91F9E388 /* /Users/yanai/Desktop/GetSpeed2/src/header/debugIO.hpp */; settings = {COMPILER_FLAGS = ""; }; };
		F9CECC2D7A384C278639F6BB /* /Users/yanai/Desktop/GetSpeed2/src/CMakeLists.txt */ = {isa = PBXBuildFile; fileRef = 924D8E1E65D4416EA2CE3F25 /* /Users/yanai/Desktop/GetSpeed2/src/CMakeLists.txt */; settings = {COMPILER_FLAGS = ""; }; };
		FA1EABDE549F437D9CF67314 /* /Users/yanai/Desktop/GetSpeed2/src/header/appNative.hpp */ = {isa = PBXBuildFile; fileRef = 31EB1855813A4AFFBBA2C524 /* /Users/yanai/Desktop/GetSpeed2/src/header/appNative.hpp */; settings = {COMPILER_FLAGS = ""; }; };
/* End PBXBuildFile section */

/* Begin PBXBuildStyle section */
		407635EAEB004966B248616C /* RelWithDebInfo */ = {
			isa = PBXBuildStyle;
			buildSettings = {
				COPY_PHASE_STRIP = NO;
			};
			name = RelWithDebInfo;
		};
		942253684A224CD59A2EE3D9 /* Debug */ = {
			isa = PBXBuildStyle;
			buildSettings = {
				COPY_PHASE_STRIP = NO;
			};
			name = Debug;
		};
		ABF9B257BBC949B8B6F88629 /* MinSizeRel */ = {
			isa = PBXBuildStyle;
			buildSettings = {
				COPY_PHASE_STRIP = NO;
			};
			name = MinSizeRel;
		};
		B4963ED501B6497D8110BA36 /* Release */ = {
			isa = PBXBuildStyle;
			buildSettings = {
				COPY_PHASE_STRIP = NO;
			};
			name = Release;
		};
		E56E4E6BE83647C19EFFF8B1 = {
			isa = PBXBuildStyle;
		};
/* End PBXBuildStyle section */

/* Begin PBXContainerItemProxy section */
		2CDB4E29C68D407394B71F23 /* PBXContainerItemProxy */ = {
			isa = PBXContainerItemProxy;
			containerPortal = 379EF5FEBECB4CA4B735F0A9 /* Project object */;
			proxyType = 1;
			remoteGlobalIDString = B535C08D2CBC4124AC3D9B0C;
			remoteInfo = ZERO_CHECK;
		};
		2FA2A493E8E0492A943495A3 /* PBXContainerItemProxy */ = {
			isa = PBXContainerItemProxy;
			containerPortal = 379EF5FEBECB4CA4B735F0A9 /* Project object */;
			proxyType = 1;
			remoteGlobalIDString = B535C08D2CBC4124AC3D9B0C;
			remoteInfo = ZERO_CHECK;
		};
		374F000249F84DBDAFDA78D7 /* PBXContainerItemProxy */ = {
			isa = PBXContainerItemProxy;
			containerPortal = 379EF5FEBECB4CA4B735F0A9 /* Project object */;
			proxyType = 1;
			remoteGlobalIDString = A0D29E291FBC43D790F7799E;
			remoteInfo = getspeed2;
		};
/* End PBXContainerItemProxy section */

/* Begin PBXFileReference section */
		0A24073E48DD45E181165ABB /* /Users/yanai/Desktop/GetSpeed2/CMakeLists.txt */ = {isa = PBXFileReference; explicitFileType = sourcecode.text; fileEncoding = 4; name = CMakeLists.txt; path = CMakeLists.txt; sourceTree = SOURCE_ROOT; };
		31EB1855813A4AFFBBA2C524 /* /Users/yanai/Desktop/GetSpeed2/src/header/appNative.hpp */ = {isa = PBXFileReference; explicitFileType = sourcecode.cpp.h; fileEncoding = 4; name = appNative.hpp; path = src/header/appNative.hpp; sourceTree = SOURCE_ROOT; };
		47087B750FDB41FE817E65FB /* /Users/yanai/Desktop/GetSpeed2/src/appNative.cpp */ = {isa = PBXFileReference; explicitFileType = sourcecode.cpp.cpp; fileEncoding = 4; name = appNative.cpp; path = src/appNative.cpp; sourceTree = SOURCE_ROOT; };
		5405EDC1885E4FDE91F9E388 /* /Users/yanai/Desktop/GetSpeed2/src/header/debugIO.hpp */ = {isa = PBXFileReference; explicitFileType = sourcecode.cpp.h; fileEncoding = 4; name = debugIO.hpp; path = src/header/debugIO.hpp; sourceTree = SOURCE_ROOT; };
		540BB5AA511945DCBE753894 /* /Users/yanai/Desktop/GetSpeed2/src/camera.cpp */ = {isa = PBXFileReference; explicitFileType = sourcecode.cpp.cpp; fileEncoding = 4; name = camera.cpp; path = src/camera.cpp; sourceTree = SOURCE_ROOT; };
		5700721A21B345C5A9394E0D /* getspeed2 */ = {isa = PBXFileReference; explicitFileType = "compiled.mach-o.executable"; path = getspeed2; refType = 0; sourceTree = BUILT_PRODUCTS_DIR; };
		57624727A8574003A65484B6 /* /Users/yanai/Desktop/GetSpeed2/src/header/camera.hpp */ = {isa = PBXFileReference; explicitFileType = sourcecode.cpp.h; fileEncoding = 4; name = camera.hpp; path = src/header/camera.hpp; sourceTree = SOURCE_ROOT; };
		67E9FE271D5843908361EF97 /* /Users/yanai/Desktop/GetSpeed2/src/main.cpp */ = {isa = PBXFileReference; explicitFileType = sourcecode.cpp.cpp; fileEncoding = 4; name = main.cpp; path = src/main.cpp; sourceTree = SOURCE_ROOT; };
		688B250110B94646803238CA /* /Users/yanai/Desktop/GetSpeed2/src/header/utility.hpp */ = {isa = PBXFileReference; explicitFileType = sourcecode.cpp.h; fileEncoding = 4; name = utility.hpp; path = src/header/utility.hpp; sourceTree = SOURCE_ROOT; };
		6F65B9F82C0B4EA9B417C881 /* /Users/yanai/Desktop/GetSpeed2/src/header/vector.hpp */ = {isa = PBXFileReference; explicitFileType = sourcecode.cpp.h; fileEncoding = 4; name = vector.hpp; path = src/header/vector.hpp; sourceTree = SOURCE_ROOT; };
		74797D45FBF14893A6560C86 /* /Users/yanai/Desktop/GetSpeed2/CMakeLists.txt */ = {isa = PBXFileReference; explicitFileType = sourcecode.text; fileEncoding = 4; name = CMakeLists.txt; path = CMakeLists.txt; sourceTree = SOURCE_ROOT; };
		924D8E1E65D4416EA2CE3F25 /* /Users/yanai/Desktop/GetSpeed2/src/CMakeLists.txt */ = {isa = PBXFileReference; explicitFileType = sourcecode.text; fileEncoding = 4; name = CMakeLists.txt; path = src/CMakeLists.txt; sourceTree = SOURCE_ROOT; };
		A3802BDC9DC44CDDBCCA0595 /* /Users/yanai/Desktop/GetSpeed2/src/header/tweakbar.hpp */ = {isa = PBXFileReference; explicitFileType = sourcecode.cpp.h; fileEncoding = 4; name = tweakbar.hpp; path = src/header/tweakbar.hpp; sourceTree = SOURCE_ROOT; };
		BC09AF89A2B24B00B013389F /* /Users/yanai/Desktop/GetSpeed2/src/header/color.hpp */ = {isa = PBXFileReference; explicitFileType = sourcecode.cpp.h; fileEncoding = 4; name = color.hpp; path = src/header/color.hpp; sourceTree = SOURCE_ROOT; };
		D249F9F23DB74468A32A1E22 /* /Users/yanai/Desktop/GetSpeed2/src/header/mouse.hpp */ = {isa = PBXFileReference; explicitFileType = sourcecode.cpp.h; fileEncoding = 4; name = mouse.hpp; path = src/header/mouse.hpp; sourceTree = SOURCE_ROOT; };
		EDFA06437749407181808A5B /* /Users/yanai/Desktop/GetSpeed2/src/header/key.hpp */ = {isa = PBXFileReference; explicitFileType = sourcecode.cpp.h; fileEncoding = 4; name = key.hpp; path = src/header/key.hpp; sourceTree = SOURCE_ROOT; };
/* End PBXFileReference section */

/* Begin PBXGroup section */
		24D7BA9C8F584F9780F55867 /* Products */ = {
			isa = PBXGroup;
			children = (
				5700721A21B345C5A9394E0D /* getspeed2 */,
			);
			name = Products;
			sourceTree = "<group>";
		};
		2C46954FC40D4224A5EC29A9 /* Header Files */ = {
			isa = PBXGroup;
			children = (
				31EB1855813A4AFFBBA2C524 /* /Users/yanai/Desktop/GetSpeed2/src/header/appNative.hpp */,
				57624727A8574003A65484B6 /* /Users/yanai/Desktop/GetSpeed2/src/header/camera.hpp */,
				BC09AF89A2B24B00B013389F /* /Users/yanai/Desktop/GetSpeed2/src/header/color.hpp */,
				5405EDC1885E4FDE91F9E388 /* /Users/yanai/Desktop/GetSpeed2/src/header/debugIO.hpp */,
				EDFA06437749407181808A5B /* /Users/yanai/Desktop/GetSpeed2/src/header/key.hpp */,
				D249F9F23DB74468A32A1E22 /* /Users/yanai/Desktop/GetSpeed2/src/header/mouse.hpp */,
				A3802BDC9DC44CDDBCCA0595 /* /Users/yanai/Desktop/GetSpeed2/src/header/tweakbar.hpp */,
				688B250110B94646803238CA /* /Users/yanai/Desktop/GetSpeed2/src/header/utility.hpp */,
				6F65B9F82C0B4EA9B417C881 /* /Users/yanai/Desktop/GetSpeed2/src/header/vector.hpp */,
			);
			name = "Header Files";
			sourceTree = "<group>";
		};
		30B520CC9C654E06AAB5BCF2 /* Resources */ = {
			isa = PBXGroup;
			children = (
			);
			name = Resources;
			sourceTree = "<group>";
		};
		429C44D70A294CC3BA36F0B0 = {
			isa = PBXGroup;
			children = (
				E527839AA67E486CAFB0E00E /* Sources */,
				30B520CC9C654E06AAB5BCF2 /* Resources */,
				24D7BA9C8F584F9780F55867 /* Products */,
			);
			sourceTree = "<group>";
		};
		5D300E3E8CE9443E88D5EF95 /* ZERO_CHECK */ = {
			isa = PBXGroup;
			children = (
				C5688217432042CCBB700876 /* CMake Rules */,
				74797D45FBF14893A6560C86 /* /Users/yanai/Desktop/GetSpeed2/CMakeLists.txt */,
			);
			name = ZERO_CHECK;
			sourceTree = "<group>";
		};
		6606D240A4734B76BB6188C6 /* getspeed2 */ = {
			isa = PBXGroup;
			children = (
				75DCBA047D7947078E6D5F0A /* Source Files */,
				2C46954FC40D4224A5EC29A9 /* Header Files */,
				924D8E1E65D4416EA2CE3F25 /* /Users/yanai/Desktop/GetSpeed2/src/CMakeLists.txt */,
			);
			name = getspeed2;
			sourceTree = "<group>";
		};
		75DCBA047D7947078E6D5F0A /* Source Files */ = {
			isa = PBXGroup;
			children = (
				47087B750FDB41FE817E65FB /* /Users/yanai/Desktop/GetSpeed2/src/appNative.cpp */,
				540BB5AA511945DCBE753894 /* /Users/yanai/Desktop/GetSpeed2/src/camera.cpp */,
				67E9FE271D5843908361EF97 /* /Users/yanai/Desktop/GetSpeed2/src/main.cpp */,
			);
			name = "Source Files";
			sourceTree = "<group>";
		};
		995A33024D9F4BB48CEDC3FC /* ALL_BUILD */ = {
			isa = PBXGroup;
			children = (
				BD31F142F92B46E9BC9E315B /* CMake Rules */,
				0A24073E48DD45E181165ABB /* /Users/yanai/Desktop/GetSpeed2/CMakeLists.txt */,
			);
			name = ALL_BUILD;
			sourceTree = "<group>";
		};
		BD31F142F92B46E9BC9E315B /* CMake Rules */ = {
			isa = PBXGroup;
			children = (
			);
			name = "CMake Rules";
			sourceTree = "<group>";
		};
		C5688217432042CCBB700876 /* CMake Rules */ = {
			isa = PBXGroup;
			children = (
			);
			name = "CMake Rules";
			sourceTree = "<group>";
		};
		E527839AA67E486CAFB0E00E /* Sources */ = {
			isa = PBXGroup;
			children = (
				995A33024D9F4BB48CEDC3FC /* ALL_BUILD */,
				5D300E3E8CE9443E88D5EF95 /* ZERO_CHECK */,
				6606D240A4734B76BB6188C6 /* getspeed2 */,
			);
			name = Sources;
			sourceTree = "<group>";
		};
/* End PBXGroup section */

/* Begin PBXNativeTarget section */
		A0D29E291FBC43D790F7799E /* getspeed2 */ = {
			isa = PBXNativeTarget;
			buildConfigurationList = 1915380D5A064526AEC7A181 /* Build configuration list for PBXNativeTarget "getspeed2" */;
			buildPhases = (
				390009653E714C8C9046431B /* Sources */,
			);
			buildRules = (
			);
			dependencies = (
				8095A64148C14345ABB38692 /* PBXTargetDependency */,
			);
			name = getspeed2;
			productName = getspeed2;
			productReference = 5700721A21B345C5A9394E0D /* getspeed2 */;
			productType = "com.apple.product-type.tool";
		};
/* End PBXNativeTarget section */

/* Begin PBXProject section */
		379EF5FEBECB4CA4B735F0A9 /* Project object */ = {
			isa = PBXProject;
			attributes = {
				BuildIndependentTargetsInParallel = YES;
			};
			buildConfigurationList = F92C5DE48AC04812833C890B /* Build configuration list for PBXProject "getspeed2" */;
			buildSettings = {
			};
			buildStyles = (
				942253684A224CD59A2EE3D9 /* Debug */,
				B4963ED501B6497D8110BA36 /* Release */,
				ABF9B257BBC949B8B6F88629 /* MinSizeRel */,
				407635EAEB004966B248616C /* RelWithDebInfo */,
			);
			compatibilityVersion = "Xcode 3.2";
			hasScannedForEncodings = 0;
			mainGroup = 429C44D70A294CC3BA36F0B0;
			projectDirPath = ../;
			projectRoot = "";
			targets = (
				2490358F148041AEBB41A3C2 /* ALL_BUILD */,
				B535C08D2CBC4124AC3D9B0C /* ZERO_CHECK */,
				A0D29E291FBC43D790F7799E /* getspeed2 */,
			);
		};
/* End PBXProject section */

/* Begin PBXShellScriptBuildPhase section */
		51135D72CA24497BA6E609AD /* CMake Rules */ = {
			isa = PBXShellScriptBuildPhase;
			buildActionMask = 2147483647;
			files = (
			);
			name = "CMake Rules";
			runOnlyForDeploymentPostprocessing = 0;
			shellPath = /bin/sh;
			shellScript = "make -C /Users/yanai/Desktop/GetSpeed2/xcode -f /Users/yanai/Desktop/GetSpeed2/xcode/CMakeScripts/ALL_BUILD_cmakeRulesBuildPhase.make$CONFIGURATION all";
			showEnvVarsInLog = 0;
		};
		859AF8793DCE450D84C7AC25 /* CMake Rules */ = {
			isa = PBXShellScriptBuildPhase;
			buildActionMask = 2147483647;
			files = (
			);
			name = "CMake Rules";
			runOnlyForDeploymentPostprocessing = 0;
			shellPath = /bin/sh;
			shellScript = "make -C /Users/yanai/Desktop/GetSpeed2/xcode -f /Users/yanai/Desktop/GetSpeed2/xcode/CMakeScripts/ZERO_CHECK_cmakeRulesBuildPhase.make$CONFIGURATION all";
			showEnvVarsInLog = 0;
		};
		ACD93D193C404908962CE80D = {
			isa = PBXShellScriptBuildPhase;
			buildActionMask = 2147483647;
			files = (
			);
			inputPaths = (
			);
			outputPaths = (
			);
			runOnlyForDeploymentPostprocessing = 0;
			shellPath = /bin/sh;
			shellScript = "# shell script goes here
exit 0";
			showEnvVarsInLog = 0;
		};
		E840869CA90047E0B38C8952 = {
			isa = PBXShellScriptBuildPhase;
			buildActionMask = 2147483647;
			files = (
			);
			inputPaths = (
			);
			outputPaths = (
			);
			runOnlyForDeploymentPostprocessing = 0;
			shellPath = /bin/sh;
			shellScript = "# shell script goes here
exit 0";
			showEnvVarsInLog = 0;
		};
/* End PBXShellScriptBuildPhase section */

/* Begin PBXSourcesBuildPhase section */
		390009653E714C8C9046431B /* Sources */ = {
			isa = PBXSourcesBuildPhase;
			buildActionMask = 2147483647;
			files = (
				7FC0E0599A97448CACEE1D52 /* /Users/yanai/Desktop/GetSpeed2/src/appNative.cpp */,
				CF4BB8915A214E3493D6AA95 /* /Users/yanai/Desktop/GetSpeed2/src/camera.cpp */,
				2F2143FA91B54BDFB0A3EF3B /* /Users/yanai/Desktop/GetSpeed2/src/main.cpp */,
			);
			runOnlyForDeploymentPostprocessing = 0;
		};
/* End PBXSourcesBuildPhase section */

/* Begin PBXTargetDependency section */
		5898A86EA9C3409A8D3FC8F1 /* PBXTargetDependency */ = {
			isa = PBXTargetDependency;
			target = B535C08D2CBC4124AC3D9B0C /* ZERO_CHECK */;
			targetProxy = 2CDB4E29C68D407394B71F23 /* PBXContainerItemProxy */;
		};
		8095A64148C14345ABB38692 /* PBXTargetDependency */ = {
			isa = PBXTargetDependency;
			target = B535C08D2CBC4124AC3D9B0C /* ZERO_CHECK */;
			targetProxy = 2FA2A493E8E0492A943495A3 /* PBXContainerItemProxy */;
		};
		87DED4446DB2475E87576D18 /* PBXTargetDependency */ = {
			isa = PBXTargetDependency;
			target = A0D29E291FBC43D790F7799E /* getspeed2 */;
			targetProxy = 374F000249F84DBDAFDA78D7 /* PBXContainerItemProxy */;
		};
/* End PBXTargetDependency section */

/* Begin XCBuildConfiguration section */
		0E5614FBDA72482484D72840 /* Debug */ = {
			isa = XCBuildConfiguration;
			buildSettings = {
				COMBINE_HIDPI_IMAGES = YES;
				GCC_GENERATE_DEBUGGING_SYMBOLS = YES;
				GCC_INLINES_ARE_PRIVATE_EXTERN = NO;
				GCC_OPTIMIZATION_LEVEL = 0;
				GCC_PREPROCESSOR_DEFINITIONS = ("'CMAKE_INTDIR=\"$(CONFIGURATION)$(EFFECTIVE_PLATFORM_NAME)\"'", );
				GCC_SYMBOLS_PRIVATE_EXTERN = NO;
				INSTALL_PATH = "";
				OTHER_LDFLAGS = " ";
				OTHER_REZFLAGS = "";
				PRODUCT_NAME = ALL_BUILD;
				SECTORDER_FLAGS = "";
				SYMROOT = /Users/yanai/Desktop/GetSpeed2/xcode;
				USE_HEADERMAP = NO;
				WARNING_CFLAGS = ("-Wmost", "-Wno-four-char-constants", "-Wno-unknown-pragmas", "$(inherited)", );
			};
			name = Debug;
		};
		0E87974B3B7C437FA3B832FE /* Release */ = {
			isa = XCBuildConfiguration;
			buildSettings = {
				COMBINE_HIDPI_IMAGES = YES;
				GCC_GENERATE_DEBUGGING_SYMBOLS = YES;
				GCC_INLINES_ARE_PRIVATE_EXTERN = NO;
				GCC_OPTIMIZATION_LEVEL = 0;
				GCC_PREPROCESSOR_DEFINITIONS = ("'CMAKE_INTDIR=\"$(CONFIGURATION)$(EFFECTIVE_PLATFORM_NAME)\"'", );
				GCC_SYMBOLS_PRIVATE_EXTERN = NO;
				INSTALL_PATH = "";
				OTHER_LDFLAGS = " ";
				OTHER_REZFLAGS = "";
				PRODUCT_NAME = ZERO_CHECK;
				SECTORDER_FLAGS = "";
				SYMROOT = /Users/yanai/Desktop/GetSpeed2/xcode;
				USE_HEADERMAP = NO;
				WARNING_CFLAGS = ("-Wmost", "-Wno-four-char-constants", "-Wno-unknown-pragmas", "$(inherited)", );
			};
			name = Release;
		};
		37C07838CD0D4ECE8C077C4E /* MinSizeRel */ = {
			isa = XCBuildConfiguration;
			buildSettings = {
				COMBINE_HIDPI_IMAGES = YES;
				GCC_GENERATE_DEBUGGING_SYMBOLS = YES;
				GCC_INLINES_ARE_PRIVATE_EXTERN = NO;
				GCC_OPTIMIZATION_LEVEL = 0;
				GCC_PREPROCESSOR_DEFINITIONS = ("'CMAKE_INTDIR=\"$(CONFIGURATION)$(EFFECTIVE_PLATFORM_NAME)\"'", );
				GCC_SYMBOLS_PRIVATE_EXTERN = NO;
				INSTALL_PATH = "";
				OTHER_LDFLAGS = " ";
				OTHER_REZFLAGS = "";
				PRODUCT_NAME = ALL_BUILD;
				SECTORDER_FLAGS = "";
				SYMROOT = /Users/yanai/Desktop/GetSpeed2/xcode;
				USE_HEADERMAP = NO;
				WARNING_CFLAGS = ("-Wmost", "-Wno-four-char-constants", "-Wno-unknown-pragmas", "$(inherited)", );
			};
			name = MinSizeRel;
		};
		3D9968FEF85244948949E4BF /* Release */ = {
			isa = XCBuildConfiguration;
			buildSettings = {
				MACOSX_DEPLOYMENT_TARGET = 10.10;
				ONLY_ACTIVE_ARCH = YES;
				SDKROOT = /Applications/Xcode.app/Contents/Developer/Platforms/MacOSX.platform/Developer/SDKs/MacOSX10.11.sdk;
				SYMROOT = /Users/yanai/Desktop/GetSpeed2/xcode/build;
			};
			name = Release;
		};
		4C1F3D392F0C4B2C8C5902FF /* Debug */ = {
			isa = XCBuildConfiguration;
			buildSettings = {
				COMBINE_HIDPI_IMAGES = YES;
				GCC_GENERATE_DEBUGGING_SYMBOLS = YES;
				GCC_INLINES_ARE_PRIVATE_EXTERN = NO;
				GCC_OPTIMIZATION_LEVEL = 0;
				GCC_PREPROCESSOR_DEFINITIONS = ("'CMAKE_INTDIR=\"$(CONFIGURATION)$(EFFECTIVE_PLATFORM_NAME)\"'", );
				GCC_SYMBOLS_PRIVATE_EXTERN = NO;
				INSTALL_PATH = "";
				OTHER_LDFLAGS = " ";
				OTHER_REZFLAGS = "";
				PRODUCT_NAME = ZERO_CHECK;
				SECTORDER_FLAGS = "";
				SYMROOT = /Users/yanai/Desktop/GetSpeed2/xcode;
				USE_HEADERMAP = NO;
				WARNING_CFLAGS = ("-Wmost", "-Wno-four-char-constants", "-Wno-unknown-pragmas", "$(inherited)", );
			};
			name = Debug;
		};
		5B32C332E6954E0CB5E43793 /* RelWithDebInfo */ = {
			isa = XCBuildConfiguration;
			buildSettings = {
				COMBINE_HIDPI_IMAGES = YES;
				EXECUTABLE_PREFIX = "";
				EXECUTABLE_SUFFIX = "";
				GCC_GENERATE_DEBUGGING_SYMBOLS = YES;
				GCC_INLINES_ARE_PRIVATE_EXTERN = NO;
				GCC_OPTIMIZATION_LEVEL = 2;
				GCC_PREPROCESSOR_DEFINITIONS = ("'CMAKE_INTDIR=\"$(CONFIGURATION)$(EFFECTIVE_PLATFORM_NAME)\"'", );
				GCC_SYMBOLS_PRIVATE_EXTERN = NO;
				HEADER_SEARCH_PATHS = (/Users/yanai/Desktop/GetSpeed2/include, );
				INSTALL_PATH = "";
				LIBRARY_SEARCH_PATHS = "";
				OTHER_CPLUSPLUSFLAGS = "       -DNDEBUG   “-std=c++14”";
				OTHER_LDFLAGS = " -Wl,-search_paths_first -Wl,-headerpad_max_install_names  /Users/yanai/Desktop/GetSpeed2/lib/OSX/libglfw3.a -framework Cocoa -framework OpenGL -framework IOKit -framework CoreVideo";
				OTHER_REZFLAGS = "";
				PRODUCT_NAME = getspeed2;
				SECTORDER_FLAGS = "";
				SYMROOT = /Users/yanai/Desktop/GetSpeed2/xcode/src;
				USE_HEADERMAP = NO;
				WARNING_CFLAGS = ("-Wmost", "-Wno-four-char-constants", "-Wno-unknown-pragmas", "$(inherited)", );
			};
			name = RelWithDebInfo;
		};
		61D3FCF7459741ED9E0234EA /* Release */ = {
			isa = XCBuildConfiguration;
			buildSettings = {
				COMBINE_HIDPI_IMAGES = YES;
				EXECUTABLE_PREFIX = "";
				EXECUTABLE_SUFFIX = "";
				GCC_GENERATE_DEBUGGING_SYMBOLS = NO;
				GCC_INLINES_ARE_PRIVATE_EXTERN = NO;
				GCC_OPTIMIZATION_LEVEL = 3;
				GCC_PREPROCESSOR_DEFINITIONS = ("'CMAKE_INTDIR=\"$(CONFIGURATION)$(EFFECTIVE_PLATFORM_NAME)\"'", );
				GCC_SYMBOLS_PRIVATE_EXTERN = NO;
				HEADER_SEARCH_PATHS = (/Users/yanai/Desktop/GetSpeed2/include, );
				INSTALL_PATH = "";
				LIBRARY_SEARCH_PATHS = "";
				OTHER_CPLUSPLUSFLAGS = "    -DNDEBUG   “-std=c++14”";
				OTHER_LDFLAGS = " -Wl,-search_paths_first -Wl,-headerpad_max_install_names  /Users/yanai/Desktop/GetSpeed2/lib/OSX/libglfw3.a -framework Cocoa -framework OpenGL -framework IOKit -framework CoreVideo";
				OTHER_REZFLAGS = "";
				PRODUCT_NAME = getspeed2;
				SECTORDER_FLAGS = "";
				SYMROOT = /Users/yanai/Desktop/GetSpeed2/xcode/src;
				USE_HEADERMAP = NO;
				WARNING_CFLAGS = ("-Wmost", "-Wno-four-char-constants", "-Wno-unknown-pragmas", "$(inherited)", );
			};
			name = Release;
		};
		66DFB064CD854D4BA16BD195 /* MinSizeRel */ = {
			isa = XCBuildConfiguration;
			buildSettings = {
				COMBINE_HIDPI_IMAGES = YES;
				GCC_GENERATE_DEBUGGING_SYMBOLS = YES;
				GCC_INLINES_ARE_PRIVATE_EXTERN = NO;
				GCC_OPTIMIZATION_LEVEL = 0;
				GCC_PREPROCESSOR_DEFINITIONS = ("'CMAKE_INTDIR=\"$(CONFIGURATION)$(EFFECTIVE_PLATFORM_NAME)\"'", );
				GCC_SYMBOLS_PRIVATE_EXTERN = NO;
				INSTALL_PATH = "";
				OTHER_LDFLAGS = " ";
				OTHER_REZFLAGS = "";
				PRODUCT_NAME = ZERO_CHECK;
				SECTORDER_FLAGS = "";
				SYMROOT = /Users/yanai/Desktop/GetSpeed2/xcode;
				USE_HEADERMAP = NO;
				WARNING_CFLAGS = ("-Wmost", "-Wno-four-char-constants", "-Wno-unknown-pragmas", "$(inherited)", );
			};
			name = MinSizeRel;
		};
		6C629307ADF44DEDA57831FF /* RelWithDebInfo */ = {
			isa = XCBuildConfiguration;
			buildSettings = {
				COMBINE_HIDPI_IMAGES = YES;
				GCC_GENERATE_DEBUGGING_SYMBOLS = YES;
				GCC_INLINES_ARE_PRIVATE_EXTERN = NO;
				GCC_OPTIMIZATION_LEVEL = 0;
				GCC_PREPROCESSOR_DEFINITIONS = ("'CMAKE_INTDIR=\"$(CONFIGURATION)$(EFFECTIVE_PLATFORM_NAME)\"'", );
				GCC_SYMBOLS_PRIVATE_EXTERN = NO;
				INSTALL_PATH = "";
				OTHER_LDFLAGS = " ";
				OTHER_REZFLAGS = "";
				PRODUCT_NAME = ALL_BUILD;
				SECTORDER_FLAGS = "";
				SYMROOT = /Users/yanai/Desktop/GetSpeed2/xcode;
				USE_HEADERMAP = NO;
				WARNING_CFLAGS = ("-Wmost", "-Wno-four-char-constants", "-Wno-unknown-pragmas", "$(inherited)", );
			};
			name = RelWithDebInfo;
		};
		7AB431C6B670404889272CBC /* MinSizeRel */ = {
			isa = XCBuildConfiguration;
			buildSettings = {
				COMBINE_HIDPI_IMAGES = YES;
				EXECUTABLE_PREFIX = "";
				EXECUTABLE_SUFFIX = "";
				GCC_GENERATE_DEBUGGING_SYMBOLS = NO;
				GCC_INLINES_ARE_PRIVATE_EXTERN = NO;
				GCC_OPTIMIZATION_LEVEL = s;
				GCC_PREPROCESSOR_DEFINITIONS = ("'CMAKE_INTDIR=\"$(CONFIGURATION)$(EFFECTIVE_PLATFORM_NAME)\"'", );
				GCC_SYMBOLS_PRIVATE_EXTERN = NO;
				HEADER_SEARCH_PATHS = (/Users/yanai/Desktop/GetSpeed2/include, );
				INSTALL_PATH = "";
				LIBRARY_SEARCH_PATHS = "";
				OTHER_CPLUSPLUSFLAGS = "    -DNDEBUG   “-std=c++14”";
				OTHER_LDFLAGS = " -Wl,-search_paths_first -Wl,-headerpad_max_install_names  /Users/yanai/Desktop/GetSpeed2/lib/OSX/libglfw3.a -framework Cocoa -framework OpenGL -framework IOKit -framework CoreVideo";
				OTHER_REZFLAGS = "";
				PRODUCT_NAME = getspeed2;
				SECTORDER_FLAGS = "";
				SYMROOT = /Users/yanai/Desktop/GetSpeed2/xcode/src;
				USE_HEADERMAP = NO;
				WARNING_CFLAGS = ("-Wmost", "-Wno-four-char-constants", "-Wno-unknown-pragmas", "$(inherited)", );
			};
			name = MinSizeRel;
		};
		8DEFB1740B7D4100915D22E1 /* Release */ = {
			isa = XCBuildConfiguration;
			buildSettings = {
				COMBINE_HIDPI_IMAGES = YES;
				GCC_GENERATE_DEBUGGING_SYMBOLS = YES;
				GCC_INLINES_ARE_PRIVATE_EXTERN = NO;
				GCC_OPTIMIZATION_LEVEL = 0;
				GCC_PREPROCESSOR_DEFINITIONS = ("'CMAKE_INTDIR=\"$(CONFIGURATION)$(EFFECTIVE_PLATFORM_NAME)\"'", );
				GCC_SYMBOLS_PRIVATE_EXTERN = NO;
				INSTALL_PATH = "";
				OTHER_LDFLAGS = " ";
				OTHER_REZFLAGS = "";
				PRODUCT_NAME = ALL_BUILD;
				SECTORDER_FLAGS = "";
				SYMROOT = /Users/yanai/Desktop/GetSpeed2/xcode;
				USE_HEADERMAP = NO;
				WARNING_CFLAGS = ("-Wmost", "-Wno-four-char-constants", "-Wno-unknown-pragmas", "$(inherited)", );
			};
			name = Release;
		};
		A7F3F712BDF3468AB1D1D760 /* RelWithDebInfo */ = {
			isa = XCBuildConfiguration;
			buildSettings = {
				MACOSX_DEPLOYMENT_TARGET = 10.10;
				ONLY_ACTIVE_ARCH = YES;
				SDKROOT = /Applications/Xcode.app/Contents/Developer/Platforms/MacOSX.platform/Developer/SDKs/MacOSX10.11.sdk;
				SYMROOT = /Users/yanai/Desktop/GetSpeed2/xcode/build;
			};
			name = RelWithDebInfo;
		};
		ABCDE0A6E67F4212850FCE16 /* Debug */ = {
			isa = XCBuildConfiguration;
			buildSettings = {
				MACOSX_DEPLOYMENT_TARGET = 10.10;
				ONLY_ACTIVE_ARCH = YES;
				SDKROOT = /Applications/Xcode.app/Contents/Developer/Platforms/MacOSX.platform/Developer/SDKs/MacOSX10.11.sdk;
				SYMROOT = /Users/yanai/Desktop/GetSpeed2/xcode/build;
			};
			name = Debug;
		};
		CA2E530661D04AEBBF346362 /* Debug */ = {
			isa = XCBuildConfiguration;
			buildSettings = {
				COMBINE_HIDPI_IMAGES = YES;
				EXECUTABLE_PREFIX = "";
				EXECUTABLE_SUFFIX = "";
				GCC_GENERATE_DEBUGGING_SYMBOLS = YES;
				GCC_INLINES_ARE_PRIVATE_EXTERN = NO;
				GCC_OPTIMIZATION_LEVEL = 0;
				GCC_PREPROCESSOR_DEFINITIONS = ("'CMAKE_INTDIR=\"$(CONFIGURATION)$(EFFECTIVE_PLATFORM_NAME)\"'", );
				GCC_SYMBOLS_PRIVATE_EXTERN = NO;
				HEADER_SEARCH_PATHS = (/Users/yanai/Desktop/GetSpeed2/include, );
				INSTALL_PATH = "";
				LIBRARY_SEARCH_PATHS = "";
				OTHER_CPLUSPLUSFLAGS = "     “-std=c++14”";
				OTHER_LDFLAGS = " -Wl,-search_paths_first -Wl,-headerpad_max_install_names  /Users/yanai/Desktop/GetSpeed2/lib/OSX/libglfw3.a -framework Cocoa -framework OpenGL -framework IOKit -framework CoreVideo";
				OTHER_REZFLAGS = "";
				PRODUCT_NAME = getspeed2;
				SECTORDER_FLAGS = "";
				SYMROOT = /Users/yanai/Desktop/GetSpeed2/xcode/src;
				USE_HEADERMAP = NO;
				WARNING_CFLAGS = ("-Wmost", "-Wno-four-char-constants", "-Wno-unknown-pragmas", "$(inherited)", );
			};
			name = Debug;
		};
		DC3A43DA943D4DEFA7C0698F /* RelWithDebInfo */ = {
			isa = XCBuildConfiguration;
			buildSettings = {
				COMBINE_HIDPI_IMAGES = YES;
				GCC_GENERATE_DEBUGGING_SYMBOLS = YES;
				GCC_INLINES_ARE_PRIVATE_EXTERN = NO;
				GCC_OPTIMIZATION_LEVEL = 0;
				GCC_PREPROCESSOR_DEFINITIONS = ("'CMAKE_INTDIR=\"$(CONFIGURATION)$(EFFECTIVE_PLATFORM_NAME)\"'", );
				GCC_SYMBOLS_PRIVATE_EXTERN = NO;
				INSTALL_PATH = "";
				OTHER_LDFLAGS = " ";
				OTHER_REZFLAGS = "";
				PRODUCT_NAME = ZERO_CHECK;
				SECTORDER_FLAGS = "";
				SYMROOT = /Users/yanai/Desktop/GetSpeed2/xcode;
				USE_HEADERMAP = NO;
				WARNING_CFLAGS = ("-Wmost", "-Wno-four-char-constants", "-Wno-unknown-pragmas", "$(inherited)", );
			};
			name = RelWithDebInfo;
		};
		E2F7882DFAE140489C77055C /* MinSizeRel */ = {
			isa = XCBuildConfiguration;
			buildSettings = {
				MACOSX_DEPLOYMENT_TARGET = 10.10;
				ONLY_ACTIVE_ARCH = YES;
				SDKROOT = /Applications/Xcode.app/Contents/Developer/Platforms/MacOSX.platform/Developer/SDKs/MacOSX10.11.sdk;
				SYMROOT = /Users/yanai/Desktop/GetSpeed2/xcode/build;
			};
			name = MinSizeRel;
		};
/* End XCBuildConfiguration section */

/* Begin XCConfigurationList section */
		1915380D5A064526AEC7A181 /* Build configuration list for PBXNativeTarget "getspeed2" */ = {
			isa = XCConfigurationList;
			buildConfigurations = (
				CA2E530661D04AEBBF346362 /* Debug */,
				61D3FCF7459741ED9E0234EA /* Release */,
				7AB431C6B670404889272CBC /* MinSizeRel */,
				5B32C332E6954E0CB5E43793 /* RelWithDebInfo */,
			);
			defaultConfigurationIsVisible = 0;
			defaultConfigurationName = Debug;
		};
		ADF9E5610BFB41489F97F748 /* Build configuration list for PBXAggregateTarget "ALL_BUILD" */ = {
			isa = XCConfigurationList;
			buildConfigurations = (
				0E5614FBDA72482484D72840 /* Debug */,
				8DEFB1740B7D4100915D22E1 /* Release */,
				37C07838CD0D4ECE8C077C4E /* MinSizeRel */,
				6C629307ADF44DEDA57831FF /* RelWithDebInfo */,
			);
			defaultConfigurationIsVisible = 0;
			defaultConfigurationName = Debug;
		};
		E6CD112749F448B5A93925C0 /* Build configuration list for PBXAggregateTarget "ZERO_CHECK" */ = {
			isa = XCConfigurationList;
			buildConfigurations = (
				4C1F3D392F0C4B2C8C5902FF /* Debug */,
				0E87974B3B7C437FA3B832FE /* Release */,
				66DFB064CD854D4BA16BD195 /* MinSizeRel */,
				DC3A43DA943D4DEFA7C0698F /* RelWithDebInfo */,
			);
			defaultConfigurationIsVisible = 0;
			defaultConfigurationName = Debug;
		};
		F92C5DE48AC04812833C890B /* Build configuration list for PBXProject "getspeed2" */ = {
			isa = XCConfigurationList;
			buildConfigurations = (
				ABCDE0A6E67F4212850FCE16 /* Debug */,
				3D9968FEF85244948949E4BF /* Release */,
				E2F7882DFAE140489C77055C /* MinSizeRel */,
				A7F3F712BDF3468AB1D1D760 /* RelWithDebInfo */,
			);
			defaultConfigurationIsVisible = 0;
			defaultConfigurationName = Debug;
		};
/* End XCConfigurationList section */
	};
	rootObject = 379EF5FEBECB4CA4B735F0A9 /* Project object */;
}
